{
  "nodes": {
    "flakeNimbleLib": {
      "inputs": {
        "nixpkgs": [
          "nixpkgs"
        ]
      },
      "locked": {
        "lastModified": 1662018438,
        "narHash": "sha256-QtNtU6+LX3Wokxf0zlFwKTFOcn6TeDjKQZ+DA9OYtvM=",
        "owner": "riinr",
        "repo": "nim-flakes-lib",
        "rev": "b1fe8340736e3a85d25c709ac3dfd82a55c03cbf",
        "type": "github"
      },
      "original": {
        "owner": "riinr",
        "ref": "master",
        "repo": "nim-flakes-lib",
        "type": "github"
      }
    },
    "nimcmaes-master": {
      "inputs": {
        "flakeNimbleLib": [
          "flakeNimbleLib"
        ],
        "nixpkgs": [
          "nixpkgs"
        ],
        "src-nimcmaes-master": "src-nimcmaes-master"
      },
      "locked": {
        "dir": "master",
        "lastModified": 1662254651,
        "narHash": "sha256-fe4shbU9R4Uxd5ORLz52e/2Gr9PXH+JPS8Q7ucxjgXI=",
        "owner": "nim-nix-pkgs",
        "repo": "nimcmaes",
        "rev": "9dde0784a96af567ad266d4d012413f14767330c",
        "type": "github"
      },
      "original": {
        "dir": "master",
        "owner": "nim-nix-pkgs",
        "ref": "master",
        "repo": "nimcmaes",
        "type": "github"
      }
    },
    "nixpkgs": {
      "locked": {
        "lastModified": 1667110639,
        "narHash": "sha256-4FbPESZ5LbqQxkJJJBAfk/zKgF9h/4kyUwjjpJwYlbc=",
        "owner": "NixOS",
        "repo": "nixpkgs",
        "rev": "f38a1f04d1bec1feb61fd101a0539ae2002a7087",
        "type": "github"
      },
      "original": {
        "id": "nixpkgs",
        "type": "indirect"
      }
    },
    "root": {
      "inputs": {
        "flakeNimbleLib": "flakeNimbleLib",
        "nimcmaes-master": "nimcmaes-master",
        "nixpkgs": "nixpkgs"
      }
    },
    "src-nimcmaes-master": {
      "flake": false,
      "locked": {
        "lastModified": 1593198224,
        "narHash": "sha256-/L+ePQtLLUIvWTecFAEBWWe1EGakCszm8Mv8zoCfdLY=",
        "owner": "zevv",
        "repo": "nimcmaes",
        "rev": "3c49941a21709e591fb95604e264cb7a46a73f4b",
        "type": "github"
      },
      "original": {
        "owner": "zevv",
        "ref": "refs/heads/master",
        "repo": "nimcmaes",
        "type": "github"
      }
    }
  },
  "root": "root",
  "version": 7
}
